
Microsoft Visual Studio Solution File, Format Version 12.00
# Visual Studio 15
VisualStudioVersion = 15.0.26228.9
MinimumVisualStudioVersion = 10.0.40219.1
Project("{FAE04EC0-301F-11D3-BF4B-00C04F79EFBC}") = "Yumiko.SelfProtection", "Yumiko.SelfProtection\Yumiko.SelfProtection.csproj", "{27585BB4-5A29-4154-B3E7-DF9E39BD9EE0}"
EndProject
Project("{FAE04EC0-301F-11D3-BF4B-00C04F79EFBC}") = "Test", "Test\Test.csproj", "{EA1D1BA1-1F74-494D-B59C-E25B906866F7}"
	ProjectSection(ProjectDependencies) = postProject
		{27585BB4-5A29-4154-B3E7-DF9E39BD9EE0} = {27585BB4-5A29-4154-B3E7-DF9E39BD9EE0}
	EndProjectSection
EndProject
Global
	GlobalSection(SolutionConfigurationPlatforms) = preSolution
		Debug|Any CPU = Debug|Any CPU
		Release|Any CPU = Release|Any CPU
	EndGlobalSection
	GlobalSection(ProjectConfigurationPlatforms) = postSolution
		{27585BB4-5A29-4154-B3E7-DF9E39BD9EE0}.Debug|Any CPU.ActiveCfg = Debug|Any CPU
		{27585BB4-5A29-4154-B3E7-DF9E39BD9EE0}.Debug|Any CPU.Build.0 = Debug|Any CPU
		{27585BB4-5A29-4154-B3E7-DF9E39BD9EE0}.Release|Any CPU.ActiveCfg = Release|Any CPU
		{27585BB4-5A29-4154-B3E7-DF9E39BD9EE0}.Release|Any CPU.Build.0 = Release|Any CPU
		{EA1D1BA1-1F74-494D-B59C-E25B906866F7}.Debug|Any CPU.ActiveCfg = Debug|Any CPU
		{EA1D1BA1-1F74-494D-B59C-E25B906866F7}.Debug|Any CPU.Build.0 = Debug|Any CPU
		{EA1D1BA1-1F74-494D-B59C-E25B906866F7}.Release|Any CPU.ActiveCfg = Release|Any CPU
		{EA1D1BA1-1F74-494D-B59C-E25B906866F7}.Release|Any CPU.Build.0 = Release|Any CPU
	EndGlobalSection
	GlobalSection(SolutionProperties) = preSolution
		HideSolutionNode = FALSE
	EndGlobalSection
	GlobalSection(ExtensibilityGlobals) = postSolution
		SolutionGuid = {B28EB8A3-E1FB-4E3D-AFB5-452A8F2AD5F2}
	EndGlobalSection
EndGlobal
